<Solution>
  <Folder Name="/src/">
    <Project Path="src/Fluxo.Api/Fluxo.Api.csproj" />
    <Project Path="src/Fluxo.Application/Fluxo.Application.csproj" />
    <Project Path="src/Fluxo.Domain/Fluxo.Domain.csproj" />
    <Project Path="src/Fluxo.Infrastructure/Fluxo.Infrastructure.csproj" />
  </Folder>
  <Folder Name="/tests/">
    <Project Path="tests/Fluxo.IntegrationTests/Fluxo.IntegrationTests.csproj" />
    <Project Path="tests/Fluxo.UnitTests/Fluxo.UnitTests.csproj" />
  </Folder>
</Solution>
